
Microsoft Visual Studio Solution File, Format Version 12.00
# Visual Studio Version 16
VisualStudioVersion = 16.0.31702.278
MinimumVisualStudioVersion = 10.0.40219.1
Project("{FAE04EC0-301F-11D3-BF4B-00C04F79EFBC}") = "StereoKitProjectCore", "StereoKitProjectCore.csproj", "{500071E6-C2D9-44F6-AA6C-98335F1EAE79}"
EndProject
Global
	GlobalSection(SolutionConfigurationPlatforms) = preSolution
		Debug|Any CPU = Debug|Any CPU
		Release|Any CPU = Release|Any CPU
	EndGlobalSection
	GlobalSection(ProjectConfigurationPlatforms) = postSolution
		{500071E6-C2D9-44F6-AA6C-98335F1EAE79}.Debug|Any CPU.ActiveCfg = Debug|Any CPU
		{500071E6-C2D9-44F6-AA6C-98335F1EAE79}.Debug|Any CPU.Build.0 = Debug|Any CPU
		{500071E6-C2D9-44F6-AA6C-98335F1EAE79}.Release|Any CPU.ActiveCfg = Release|Any CPU
		{500071E6-C2D9-44F6-AA6C-98335F1EAE79}.Release|Any CPU.Build.0 = Release|Any CPU
	EndGlobalSection
	GlobalSection(SolutionProperties) = preSolution
		HideSolutionNode = FALSE
	EndGlobalSection
	GlobalSection(ExtensibilityGlobals) = postSolution
		SolutionGuid = {644ECA4A-AA57-4ABB-AD2D-E027242E0CD0}
	EndGlobalSection
EndGlobal
